{
  "nodes": {
    "nixpkgs": {
      "locked": {
        "lastModified": 1724079328,
        "narHash": "sha256-g0bxj6fpjgOwdAg3uXHiS8tDlYDopx/n65NmK3gdjNM=",
        "owner": "nixos",
        "repo": "nixpkgs",
        "rev": "8d90f80778c8acda90ef5dea185984c7c0a49a12",
        "type": "github"
      },
      "original": {
        "owner": "nixos",
        "repo": "nixpkgs",
        "type": "github"
      }
    },
    "root": {
      "inputs": {
        "nixpkgs": "nixpkgs"
      }
    }
  },
  "root": "root",
  "version": 7
}
